
Microsoft Visual Studio Solution File, Format Version 12.00
# Visual Studio Version 16
VisualStudioVersion = 16.0.30517.126
MinimumVisualStudioVersion = 10.0.40219.1
Project("{9A19103F-16F7-4668-BE54-9A1E7A4F7556}") = "P1", "P1.csproj", "{B5DF55FA-57DA-4E41-A23B-959C3BEAF368}"
EndProject
Project("{FAE04EC0-301F-11D3-BF4B-00C04F79EFBC}") = "P1Tests", "..\XUnitTestProject1\P1Tests.csproj", "{97385F5B-6069-4B98-A96A-E1F96632B499}"
EndProject
Global
	GlobalSection(SolutionConfigurationPlatforms) = preSolution
		Debug|Any CPU = Debug|Any CPU
		Release|Any CPU = Release|Any CPU
	EndGlobalSection
	GlobalSection(ProjectConfigurationPlatforms) = postSolution
		{B5DF55FA-57DA-4E41-A23B-959C3BEAF368}.Debug|Any CPU.ActiveCfg = Debug|Any CPU
		{B5DF55FA-57DA-4E41-A23B-959C3BEAF368}.Debug|Any CPU.Build.0 = Debug|Any CPU
		{B5DF55FA-57DA-4E41-A23B-959C3BEAF368}.Release|Any CPU.ActiveCfg = Release|Any CPU
		{B5DF55FA-57DA-4E41-A23B-959C3BEAF368}.Release|Any CPU.Build.0 = Release|Any CPU
		{97385F5B-6069-4B98-A96A-E1F96632B499}.Debug|Any CPU.ActiveCfg = Debug|Any CPU
		{97385F5B-6069-4B98-A96A-E1F96632B499}.Debug|Any CPU.Build.0 = Debug|Any CPU
		{97385F5B-6069-4B98-A96A-E1F96632B499}.Release|Any CPU.ActiveCfg = Release|Any CPU
		{97385F5B-6069-4B98-A96A-E1F96632B499}.Release|Any CPU.Build.0 = Release|Any CPU
	EndGlobalSection
	GlobalSection(SolutionProperties) = preSolution
		HideSolutionNode = FALSE
	EndGlobalSection
	GlobalSection(ExtensibilityGlobals) = postSolution
		SolutionGuid = {6BAD6779-C6A6-47E1-94B5-F1A3CBDF9E3E}
	EndGlobalSection
EndGlobal
